
Microsoft Visual Studio Solution File, Format Version 12.00
# Visual Studio Version 17
VisualStudioVersion = 17.0.31903.59
MinimumVisualStudioVersion = 10.0.40219.1
Project("{2150E333-8FDC-42A3-9474-1A3956D46DE8}") = "src", "src", "{7D26B1F2-526B-47B0-AF4F-C353AAD4AFC9}"
EndProject
Project("{FAE04EC0-301F-11D3-BF4B-00C04F79EFBC}") = "HCI.AIAssistant.API", "src\HCI.AIAssistant.API\HCI.AIAssistant.API.csproj", "{116F0301-F729-4894-A29F-C2A70D58C377}"
EndProject
Global
	GlobalSection(SolutionConfigurationPlatforms) = preSolution
		Debug|Any CPU = Debug|Any CPU
		Release|Any CPU = Release|Any CPU
	EndGlobalSection
	GlobalSection(SolutionProperties) = preSolution
		HideSolutionNode = FALSE
	EndGlobalSection
	GlobalSection(ProjectConfigurationPlatforms) = postSolution
		{116F0301-F729-4894-A29F-C2A70D58C377}.Debug|Any CPU.ActiveCfg = Debug|Any CPU
		{116F0301-F729-4894-A29F-C2A70D58C377}.Debug|Any CPU.Build.0 = Debug|Any CPU
		{116F0301-F729-4894-A29F-C2A70D58C377}.Release|Any CPU.ActiveCfg = Release|Any CPU
		{116F0301-F729-4894-A29F-C2A70D58C377}.Release|Any CPU.Build.0 = Release|Any CPU
	EndGlobalSection
	GlobalSection(NestedProjects) = preSolution
		{116F0301-F729-4894-A29F-C2A70D58C377} = {7D26B1F2-526B-47B0-AF4F-C353AAD4AFC9}
	EndGlobalSection
EndGlobal
